// !$*UTF8*$!
{
	archiveVersion = 1;
	classes = {
	};
	objectVersion = 50;
	objects = {

/* Begin PBXBuildFile section */
		3D939F2721AE3FEE00F4F9A5 /* AppDelegate.swift in Sources */ = {isa = PBXBuildFile; fileRef = 3D939F2621AE3FEE00F4F9A5 /* AppDelegate.swift */; };
		3D939F2921AE3FEE00F4F9A5 /* ViewController.swift in Sources */ = {isa = PBXBuildFile; fileRef = 3D939F2821AE3FEE00F4F9A5 /* ViewController.swift */; };
		3D939F2C21AE3FEF00F4F9A5 /* Main.storyboard in Resources */ = {isa = PBXBuildFile; fileRef = 3D939F2A21AE3FEF00F4F9A5 /* Main.storyboard */; };
		3D939F2E21AE3FF500F4F9A5 /* Assets.xcassets in Resources */ = {isa = PBXBuildFile; fileRef = 3D939F2D21AE3FF500F4F9A5 /* Assets.xcassets */; };
		3D939F3121AE3FF500F4F9A5 /* LaunchScreen.storyboard in Resources */ = {isa = PBXBuildFile; fileRef = 3D939F2F21AE3FF500F4F9A5 /* LaunchScreen.storyboard */; };
		3D939F3C21AE3FF500F4F9A5 /* AppPortafolioTests.swift in Sources */ = {isa = PBXBuildFile; fileRef = 3D939F3B21AE3FF500F4F9A5 /* AppPortafolioTests.swift */; };
		3D939F4721AE3FF500F4F9A5 /* AppPortafolioUITests.swift in Sources */ = {isa = PBXBuildFile; fileRef = 3D939F4621AE3FF500F4F9A5 /* AppPortafolioUITests.swift */; };
		3D939F5921AE6DF700F4F9A5 /* Proyecto.swift in Sources */ = {isa = PBXBuildFile; fileRef = 3D939F5821AE6DF700F4F9A5 /* Proyecto.swift */; };
		3D939F5B21AE71A100F4F9A5 /* Usuario.swift in Sources */ = {isa = PBXBuildFile; fileRef = 3D939F5A21AE71A100F4F9A5 /* Usuario.swift */; };
		3D939F5D21AE739300F4F9A5 /* Comentario.swift in Sources */ = {isa = PBXBuildFile; fileRef = 3D939F5C21AE739300F4F9A5 /* Comentario.swift */; };
		3D939F5F21AE742C00F4F9A5 /* DatosProyectos.swift in Sources */ = {isa = PBXBuildFile; fileRef = 3D939F5E21AE742C00F4F9A5 /* DatosProyectos.swift */; };
		3D939F6121AE749600F4F9A5 /* DatosUsuarios.swift in Sources */ = {isa = PBXBuildFile; fileRef = 3D939F6021AE749600F4F9A5 /* DatosUsuarios.swift */; };
		3D939F6321AE750100F4F9A5 /* DatosComentarios.swift in Sources */ = {isa = PBXBuildFile; fileRef = 3D939F6221AE750100F4F9A5 /* DatosComentarios.swift */; };
		3D939F7D21AE790300F4F9A5 /* Alamofire.framework in Frameworks */ = {isa = PBXBuildFile; fileRef = 3D939F7021AE78DF00F4F9A5 /* Alamofire.framework */; };
		3D939F7E21AE790300F4F9A5 /* Alamofire.framework in Embed Frameworks */ = {isa = PBXBuildFile; fileRef = 3D939F7021AE78DF00F4F9A5 /* Alamofire.framework */; settings = {ATTRIBUTES = (CodeSignOnCopy, RemoveHeadersOnCopy, ); }; };
		3D939F8321AE7DD200F4F9A5 /* ListaProyectosController.swift in Sources */ = {isa = PBXBuildFile; fileRef = 3D939F8221AE7DD200F4F9A5 /* ListaProyectosController.swift */; };
		3D939F8521AE7F5400F4F9A5 /* CeldaProyectoController.swift in Sources */ = {isa = PBXBuildFile; fileRef = 3D939F8421AE7F5400F4F9A5 /* CeldaProyectoController.swift */; };
		3D939F8721AE81A000F4F9A5 /* ProyectoDetalle.swift in Sources */ = {isa = PBXBuildFile; fileRef = 3D939F8621AE81A000F4F9A5 /* ProyectoDetalle.swift */; };
		3D939F8921AE864500F4F9A5 /* ListaBuscarController.swift in Sources */ = {isa = PBXBuildFile; fileRef = 3D939F8821AE864500F4F9A5 /* ListaBuscarController.swift */; };
		3D939F8B21AE877C00F4F9A5 /* CeldaBuscarController.swift in Sources */ = {isa = PBXBuildFile; fileRef = 3D939F8A21AE877C00F4F9A5 /* CeldaBuscarController.swift */; };
		3D939F8D21AE881500F4F9A5 /* PerfilController.swift in Sources */ = {isa = PBXBuildFile; fileRef = 3D939F8C21AE881500F4F9A5 /* PerfilController.swift */; };
		3D939F8F21AE884700F4F9A5 /* ListaComentariosController.swift in Sources */ = {isa = PBXBuildFile; fileRef = 3D939F8E21AE884700F4F9A5 /* ListaComentariosController.swift */; };
		3D939F9121AE8E3F00F4F9A5 /* CeldaComentarioController.swift in Sources */ = {isa = PBXBuildFile; fileRef = 3D939F9021AE8E3F00F4F9A5 /* CeldaComentarioController.swift */; };
		3D939F9321AE8E9700F4F9A5 /* AgregarComentarioController.swift in Sources */ = {isa = PBXBuildFile; fileRef = 3D939F9221AE8E9700F4F9A5 /* AgregarComentarioController.swift */; };
		3D939F9521AE8F4400F4F9A5 /* UsuarioController.swift in Sources */ = {isa = PBXBuildFile; fileRef = 3D939F9421AE8F4400F4F9A5 /* UsuarioController.swift */; };
		3D939F9721AE8FD200F4F9A5 /* CrearUsuarioController.swift in Sources */ = {isa = PBXBuildFile; fileRef = 3D939F9621AE8FD200F4F9A5 /* CrearUsuarioController.swift */; };
		3D939F9921AE900800F4F9A5 /* RecuperarContraController.swift in Sources */ = {isa = PBXBuildFile; fileRef = 3D939F9821AE900800F4F9A5 /* RecuperarContraController.swift */; };
/* End PBXBuildFile section */

/* Begin PBXContainerItemProxy section */
		3D939F3821AE3FF500F4F9A5 /* PBXContainerItemProxy */ = {
			isa = PBXContainerItemProxy;
			containerPortal = 3D939F1B21AE3FED00F4F9A5 /* Project object */;
			proxyType = 1;
			remoteGlobalIDString = 3D939F2221AE3FEE00F4F9A5;
			remoteInfo = AppPortafolio;
		};
		3D939F4321AE3FF500F4F9A5 /* PBXContainerItemProxy */ = {
			isa = PBXContainerItemProxy;
			containerPortal = 3D939F1B21AE3FED00F4F9A5 /* Project object */;
			proxyType = 1;
			remoteGlobalIDString = 3D939F2221AE3FEE00F4F9A5;
			remoteInfo = AppPortafolio;
		};
		3D939F6F21AE78DF00F4F9A5 /* PBXContainerItemProxy */ = {
			isa = PBXContainerItemProxy;
			containerPortal = 3D939F6421AE78DF00F4F9A5 /* Alamofire.xcodeproj */;
			proxyType = 2;
			remoteGlobalIDString = F8111E3319A95C8B0040E7D1;
			remoteInfo = "Alamofire iOS";
		};
		3D939F7121AE78DF00F4F9A5 /* PBXContainerItemProxy */ = {
			isa = PBXContainerItemProxy;
			containerPortal = 3D939F6421AE78DF00F4F9A5 /* Alamofire.xcodeproj */;
			proxyType = 2;
			remoteGlobalIDString = F8111E3E19A95C8B0040E7D1;
			remoteInfo = "Alamofire iOS Tests";
		};
		3D939F7321AE78DF00F4F9A5 /* PBXContainerItemProxy */ = {
			isa = PBXContainerItemProxy;
			containerPortal = 3D939F6421AE78DF00F4F9A5 /* Alamofire.xcodeproj */;
			proxyType = 2;
			remoteGlobalIDString = 4DD67C0B1A5C55C900ED2280;
			remoteInfo = "Alamofire macOS";
		};
		3D939F7521AE78DF00F4F9A5 /* PBXContainerItemProxy */ = {
			isa = PBXContainerItemProxy;
			containerPortal = 3D939F6421AE78DF00F4F9A5 /* Alamofire.xcodeproj */;
			proxyType = 2;
			remoteGlobalIDString = F829C6B21A7A94F100A2CD59;
			remoteInfo = "Alamofire macOS Tests";
		};
		3D939F7721AE78DF00F4F9A5 /* PBXContainerItemProxy */ = {
			isa = PBXContainerItemProxy;
			containerPortal = 3D939F6421AE78DF00F4F9A5 /* Alamofire.xcodeproj */;
			proxyType = 2;
			remoteGlobalIDString = 4CF626EF1BA7CB3E0011A099;
			remoteInfo = "Alamofire tvOS";
		};
		3D939F7921AE78DF00F4F9A5 /* PBXContainerItemProxy */ = {
			isa = PBXContainerItemProxy;
			containerPortal = 3D939F6421AE78DF00F4F9A5 /* Alamofire.xcodeproj */;
			proxyType = 2;
			remoteGlobalIDString = 4CF626F81BA7CB3E0011A099;
			remoteInfo = "Alamofire tvOS Tests";
		};
		3D939F7B21AE78DF00F4F9A5 /* PBXContainerItemProxy */ = {
			isa = PBXContainerItemProxy;
			containerPortal = 3D939F6421AE78DF00F4F9A5 /* Alamofire.xcodeproj */;
			proxyType = 2;
			remoteGlobalIDString = E4202FE01B667AA100C997FB;
			remoteInfo = "Alamofire watchOS";
		};
		3D939F7F21AE790300F4F9A5 /* PBXContainerItemProxy */ = {
			isa = PBXContainerItemProxy;
			containerPortal = 3D939F6421AE78DF00F4F9A5 /* Alamofire.xcodeproj */;
			proxyType = 1;
			remoteGlobalIDString = F8111E3219A95C8B0040E7D1;
			remoteInfo = "Alamofire iOS";
		};
/* End PBXContainerItemProxy section */

/* Begin PBXCopyFilesBuildPhase section */
		3D939F8121AE790300F4F9A5 /* Embed Frameworks */ = {
			isa = PBXCopyFilesBuildPhase;
			buildActionMask = 2147483647;
			dstPath = "";
			dstSubfolderSpec = 10;
			files = (
				3D939F7E21AE790300F4F9A5 /* Alamofire.framework in Embed Frameworks */,
			);
			name = "Embed Frameworks";
			runOnlyForDeploymentPostprocessing = 0;
		};
/* End PBXCopyFilesBuildPhase section */

/* Begin PBXFileReference section */
		3D939F2321AE3FEE00F4F9A5 /* AppPortafolio.app */ = {isa = PBXFileReference; explicitFileType = wrapper.application; includeInIndex = 0; path = AppPortafolio.app; sourceTree = BUILT_PRODUCTS_DIR; };
		3D939F2621AE3FEE00F4F9A5 /* AppDelegate.swift */ = {isa = PBXFileReference; lastKnownFileType = sourcecode.swift; path = AppDelegate.swift; sourceTree = "<group>"; };
		3D939F2821AE3FEE00F4F9A5 /* ViewController.swift */ = {isa = PBXFileReference; lastKnownFileType = sourcecode.swift; path = ViewController.swift; sourceTree = "<group>"; };
		3D939F2B21AE3FEF00F4F9A5 /* Base */ = {isa = PBXFileReference; lastKnownFileType = file.storyboard; name = Base; path = Base.lproj/Main.storyboard; sourceTree = "<group>"; };
		3D939F2D21AE3FF500F4F9A5 /* Assets.xcassets */ = {isa = PBXFileReference; lastKnownFileType = folder.assetcatalog; path = Assets.xcassets; sourceTree = "<group>"; };
		3D939F3021AE3FF500F4F9A5 /* Base */ = {isa = PBXFileReference; lastKnownFileType = file.storyboard; name = Base; path = Base.lproj/LaunchScreen.storyboard; sourceTree = "<group>"; };
		3D939F3221AE3FF500F4F9A5 /* Info.plist */ = {isa = PBXFileReference; lastKnownFileType = text.plist.xml; path = Info.plist; sourceTree = "<group>"; };
		3D939F3721AE3FF500F4F9A5 /* AppPortafolioTests.xctest */ = {isa = PBXFileReference; explicitFileType = wrapper.cfbundle; includeInIndex = 0; path = AppPortafolioTests.xctest; sourceTree = BUILT_PRODUCTS_DIR; };
		3D939F3B21AE3FF500F4F9A5 /* AppPortafolioTests.swift */ = {isa = PBXFileReference; lastKnownFileType = sourcecode.swift; path = AppPortafolioTests.swift; sourceTree = "<group>"; };
		3D939F3D21AE3FF500F4F9A5 /* Info.plist */ = {isa = PBXFileReference; lastKnownFileType = text.plist.xml; path = Info.plist; sourceTree = "<group>"; };
		3D939F4221AE3FF500F4F9A5 /* AppPortafolioUITests.xctest */ = {isa = PBXFileReference; explicitFileType = wrapper.cfbundle; includeInIndex = 0; path = AppPortafolioUITests.xctest; sourceTree = BUILT_PRODUCTS_DIR; };
		3D939F4621AE3FF500F4F9A5 /* AppPortafolioUITests.swift */ = {isa = PBXFileReference; lastKnownFileType = sourcecode.swift; path = AppPortafolioUITests.swift; sourceTree = "<group>"; };
		3D939F4821AE3FF500F4F9A5 /* Info.plist */ = {isa = PBXFileReference; lastKnownFileType = text.plist.xml; path = Info.plist; sourceTree = "<group>"; };
		3D939F5821AE6DF700F4F9A5 /* Proyecto.swift */ = {isa = PBXFileReference; lastKnownFileType = sourcecode.swift; path = Proyecto.swift; sourceTree = "<group>"; };
		3D939F5A21AE71A100F4F9A5 /* Usuario.swift */ = {isa = PBXFileReference; lastKnownFileType = sourcecode.swift; path = Usuario.swift; sourceTree = "<group>"; };
		3D939F5C21AE739300F4F9A5 /* Comentario.swift */ = {isa = PBXFileReference; lastKnownFileType = sourcecode.swift; path = Comentario.swift; sourceTree = "<group>"; };
		3D939F5E21AE742C00F4F9A5 /* DatosProyectos.swift */ = {isa = PBXFileReference; lastKnownFileType = sourcecode.swift; path = DatosProyectos.swift; sourceTree = "<group>"; };
		3D939F6021AE749600F4F9A5 /* DatosUsuarios.swift */ = {isa = PBXFileReference; lastKnownFileType = sourcecode.swift; path = DatosUsuarios.swift; sourceTree = "<group>"; };
		3D939F6221AE750100F4F9A5 /* DatosComentarios.swift */ = {isa = PBXFileReference; lastKnownFileType = sourcecode.swift; path = DatosComentarios.swift; sourceTree = "<group>"; };
		3D939F6421AE78DF00F4F9A5 /* Alamofire.xcodeproj */ = {isa = PBXFileReference; lastKnownFileType = "wrapper.pb-project"; name = Alamofire.xcodeproj; path = Alamofire/Alamofire.xcodeproj; sourceTree = "<group>"; };
		3D939F8221AE7DD200F4F9A5 /* ListaProyectosController.swift */ = {isa = PBXFileReference; lastKnownFileType = sourcecode.swift; path = ListaProyectosController.swift; sourceTree = "<group>"; };
		3D939F8421AE7F5400F4F9A5 /* CeldaProyectoController.swift */ = {isa = PBXFileReference; lastKnownFileType = sourcecode.swift; path = CeldaProyectoController.swift; sourceTree = "<group>"; };
		3D939F8621AE81A000F4F9A5 /* ProyectoDetalle.swift */ = {isa = PBXFileReference; lastKnownFileType = sourcecode.swift; path = ProyectoDetalle.swift; sourceTree = "<group>"; };
		3D939F8821AE864500F4F9A5 /* ListaBuscarController.swift */ = {isa = PBXFileReference; lastKnownFileType = sourcecode.swift; path = ListaBuscarController.swift; sourceTree = "<group>"; };
		3D939F8A21AE877C00F4F9A5 /* CeldaBuscarController.swift */ = {isa = PBXFileReference; lastKnownFileType = sourcecode.swift; path = CeldaBuscarController.swift; sourceTree = "<group>"; };
		3D939F8C21AE881500F4F9A5 /* PerfilController.swift */ = {isa = PBXFileReference; lastKnownFileType = sourcecode.swift; path = PerfilController.swift; sourceTree = "<group>"; };
		3D939F8E21AE884700F4F9A5 /* ListaComentariosController.swift */ = {isa = PBXFileReference; lastKnownFileType = sourcecode.swift; path = ListaComentariosController.swift; sourceTree = "<group>"; };
		3D939F9021AE8E3F00F4F9A5 /* CeldaComentarioController.swift */ = {isa = PBXFileReference; lastKnownFileType = sourcecode.swift; path = CeldaComentarioController.swift; sourceTree = "<group>"; };
		3D939F9221AE8E9700F4F9A5 /* AgregarComentarioController.swift */ = {isa = PBXFileReference; lastKnownFileType = sourcecode.swift; path = AgregarComentarioController.swift; sourceTree = "<group>"; };
		3D939F9421AE8F4400F4F9A5 /* UsuarioController.swift */ = {isa = PBXFileReference; lastKnownFileType = sourcecode.swift; path = UsuarioController.swift; sourceTree = "<group>"; };
		3D939F9621AE8FD200F4F9A5 /* CrearUsuarioController.swift */ = {isa = PBXFileReference; lastKnownFileType = sourcecode.swift; path = CrearUsuarioController.swift; sourceTree = "<group>"; };
		3D939F9821AE900800F4F9A5 /* RecuperarContraController.swift */ = {isa = PBXFileReference; lastKnownFileType = sourcecode.swift; path = RecuperarContraController.swift; sourceTree = "<group>"; };
/* End PBXFileReference section */

/* Begin PBXFrameworksBuildPhase section */
		3D939F2021AE3FEE00F4F9A5 /* Frameworks */ = {
			isa = PBXFrameworksBuildPhase;
			buildActionMask = 2147483647;
			files = (
				3D939F7D21AE790300F4F9A5 /* Alamofire.framework in Frameworks */,
			);
			runOnlyForDeploymentPostprocessing = 0;
		};
		3D939F3421AE3FF500F4F9A5 /* Frameworks */ = {
			isa = PBXFrameworksBuildPhase;
			buildActionMask = 2147483647;
			files = (
			);
			runOnlyForDeploymentPostprocessing = 0;
		};
		3D939F3F21AE3FF500F4F9A5 /* Frameworks */ = {
			isa = PBXFrameworksBuildPhase;
			buildActionMask = 2147483647;
			files = (
			);
			runOnlyForDeploymentPostprocessing = 0;
		};
/* End PBXFrameworksBuildPhase section */

/* Begin PBXGroup section */
		3D939F1A21AE3FED00F4F9A5 = {
			isa = PBXGroup;
			children = (
				3D939F6421AE78DF00F4F9A5 /* Alamofire.xcodeproj */,
				3D939F2521AE3FEE00F4F9A5 /* AppPortafolio */,
				3D939F3A21AE3FF500F4F9A5 /* AppPortafolioTests */,
				3D939F4521AE3FF500F4F9A5 /* AppPortafolioUITests */,
				3D939F2421AE3FEE00F4F9A5 /* Products */,
			);
			sourceTree = "<group>";
		};
		3D939F2421AE3FEE00F4F9A5 /* Products */ = {
			isa = PBXGroup;
			children = (
				3D939F2321AE3FEE00F4F9A5 /* AppPortafolio.app */,
				3D939F3721AE3FF500F4F9A5 /* AppPortafolioTests.xctest */,
				3D939F4221AE3FF500F4F9A5 /* AppPortafolioUITests.xctest */,
			);
			name = Products;
			sourceTree = "<group>";
		};
		3D939F2521AE3FEE00F4F9A5 /* AppPortafolio */ = {
			isa = PBXGroup;
			children = (
				3D939F2621AE3FEE00F4F9A5 /* AppDelegate.swift */,
				3D939F2821AE3FEE00F4F9A5 /* ViewController.swift */,
				3D939F8621AE81A000F4F9A5 /* ProyectoDetalle.swift */,
				3D939F2A21AE3FEF00F4F9A5 /* Main.storyboard */,
				3D939F2D21AE3FF500F4F9A5 /* Assets.xcassets */,
				3D939F2F21AE3FF500F4F9A5 /* LaunchScreen.storyboard */,
				3D939F3221AE3FF500F4F9A5 /* Info.plist */,
				3D939F9E21AE92C000F4F9A5 /* Datos */,
				3D939F9A21AE91CA00F4F9A5 /* Controllers */,
				3D939F9F21AE92FC00F4F9A5 /* ListasController */,
				3D939F9D21AE92A400F4F9A5 /* CellController */,
				3D939F9C21AE929500F4F9A5 /* Classes */,
			);
			path = AppPortafolio;
			sourceTree = "<group>";
		};
		3D939F3A21AE3FF500F4F9A5 /* AppPortafolioTests */ = {
			isa = PBXGroup;
			children = (
				3D939F3B21AE3FF500F4F9A5 /* AppPortafolioTests.swift */,
				3D939F3D21AE3FF500F4F9A5 /* Info.plist */,
			);
			path = AppPortafolioTests;
			sourceTree = "<group>";
		};
		3D939F4521AE3FF500F4F9A5 /* AppPortafolioUITests */ = {
			isa = PBXGroup;
			children = (
				3D939F4621AE3FF500F4F9A5 /* AppPortafolioUITests.swift */,
				3D939F4821AE3FF500F4F9A5 /* Info.plist */,
			);
			path = AppPortafolioUITests;
			sourceTree = "<group>";
		};
		3D939F6521AE78DF00F4F9A5 /* Products */ = {
			isa = PBXGroup;
			children = (
				3D939F7021AE78DF00F4F9A5 /* Alamofire.framework */,
				3D939F7221AE78DF00F4F9A5 /* Alamofire iOS Tests.xctest */,
				3D939F7421AE78DF00F4F9A5 /* Alamofire.framework */,
				3D939F7621AE78DF00F4F9A5 /* Alamofire macOS Tests.xctest */,
				3D939F7821AE78DF00F4F9A5 /* Alamofire.framework */,
				3D939F7A21AE78DF00F4F9A5 /* Alamofire tvOS Tests.xctest */,
				3D939F7C21AE78DF00F4F9A5 /* Alamofire.framework */,
			);
			name = Products;
			sourceTree = "<group>";
		};
		3D939F9A21AE91CA00F4F9A5 /* Controllers */ = {
			isa = PBXGroup;
			children = (
				3D939F8C21AE881500F4F9A5 /* PerfilController.swift */,
				3D939F9221AE8E9700F4F9A5 /* AgregarComentarioController.swift */,
				3D939F9421AE8F4400F4F9A5 /* UsuarioController.swift */,
				3D939F9621AE8FD200F4F9A5 /* CrearUsuarioController.swift */,
				3D939F9821AE900800F4F9A5 /* RecuperarContraController.swift */,
			);
			name = Controllers;
			sourceTree = "<group>";
		};
		3D939F9C21AE929500F4F9A5 /* Classes */ = {
			isa = PBXGroup;
			children = (
				3D939F5821AE6DF700F4F9A5 /* Proyecto.swift */,
				3D939F5A21AE71A100F4F9A5 /* Usuario.swift */,
				3D939F5C21AE739300F4F9A5 /* Comentario.swift */,
			);
			name = Classes;
			sourceTree = "<group>";
		};
		3D939F9D21AE92A400F4F9A5 /* CellController */ = {
			isa = PBXGroup;
			children = (
				3D939F8421AE7F5400F4F9A5 /* CeldaProyectoController.swift */,
				3D939F8A21AE877C00F4F9A5 /* CeldaBuscarController.swift */,
				3D939F9021AE8E3F00F4F9A5 /* CeldaComentarioController.swift */,
			);
			name = CellController;
			sourceTree = "<group>";
		};
		3D939F9E21AE92C000F4F9A5 /* Datos */ = {
			isa = PBXGroup;
			children = (
				3D939F5E21AE742C00F4F9A5 /* DatosProyectos.swift */,
				3D939F6021AE749600F4F9A5 /* DatosUsuarios.swift */,
				3D939F6221AE750100F4F9A5 /* DatosComentarios.swift */,
			);
			name = Datos;
			sourceTree = "<group>";
		};
		3D939F9F21AE92FC00F4F9A5 /* ListasController */ = {
			isa = PBXGroup;
			children = (
				3D939F8221AE7DD200F4F9A5 /* ListaProyectosController.swift */,
				3D939F8821AE864500F4F9A5 /* ListaBuscarController.swift */,
				3D939F8E21AE884700F4F9A5 /* ListaComentariosController.swift */,
			);
			name = ListasController;
			sourceTree = "<group>";
		};
/* End PBXGroup section */

/* Begin PBXNativeTarget section */
		3D939F2221AE3FEE00F4F9A5 /* AppPortafolio */ = {
			isa = PBXNativeTarget;
			buildConfigurationList = 3D939F4B21AE3FF500F4F9A5 /* Build configuration list for PBXNativeTarget "AppPortafolio" */;
			buildPhases = (
				3D939F1F21AE3FEE00F4F9A5 /* Sources */,
				3D939F2021AE3FEE00F4F9A5 /* Frameworks */,
				3D939F2121AE3FEE00F4F9A5 /* Resources */,
				3D939F8121AE790300F4F9A5 /* Embed Frameworks */,
			);
			buildRules = (
			);
			dependencies = (
				3D939F8021AE790300F4F9A5 /* PBXTargetDependency */,
			);
			name = AppPortafolio;
			productName = AppPortafolio;
			productReference = 3D939F2321AE3FEE00F4F9A5 /* AppPortafolio.app */;
			productType = "com.apple.product-type.application";
		};
		3D939F3621AE3FF500F4F9A5 /* AppPortafolioTests */ = {
			isa = PBXNativeTarget;
			buildConfigurationList = 3D939F4E21AE3FF500F4F9A5 /* Build configuration list for PBXNativeTarget "AppPortafolioTests" */;
			buildPhases = (
				3D939F3321AE3FF500F4F9A5 /* Sources */,
				3D939F3421AE3FF500F4F9A5 /* Frameworks */,
				3D939F3521AE3FF500F4F9A5 /* Resources */,
			);
			buildRules = (
			);
			dependencies = (
				3D939F3921AE3FF500F4F9A5 /* PBXTargetDependency */,
			);
			name = AppPortafolioTests;
			productName = AppPortafolioTests;
			productReference = 3D939F3721AE3FF500F4F9A5 /* AppPortafolioTests.xctest */;
			productType = "com.apple.product-type.bundle.unit-test";
		};
		3D939F4121AE3FF500F4F9A5 /* AppPortafolioUITests */ = {
			isa = PBXNativeTarget;
			buildConfigurationList = 3D939F5121AE3FF500F4F9A5 /* Build configuration list for PBXNativeTarget "AppPortafolioUITests" */;
			buildPhases = (
				3D939F3E21AE3FF500F4F9A5 /* Sources */,
				3D939F3F21AE3FF500F4F9A5 /* Frameworks */,
				3D939F4021AE3FF500F4F9A5 /* Resources */,
			);
			buildRules = (
			);
			dependencies = (
				3D939F4421AE3FF500F4F9A5 /* PBXTargetDependency */,
			);
			name = AppPortafolioUITests;
			productName = AppPortafolioUITests;
			productReference = 3D939F4221AE3FF500F4F9A5 /* AppPortafolioUITests.xctest */;
			productType = "com.apple.product-type.bundle.ui-testing";
		};
/* End PBXNativeTarget section */

/* Begin PBXProject section */
		3D939F1B21AE3FED00F4F9A5 /* Project object */ = {
			isa = PBXProject;
			attributes = {
				LastSwiftUpdateCheck = 0940;
				LastUpgradeCheck = 0940;
				ORGANIZATIONNAME = David;
				TargetAttributes = {
					3D939F2221AE3FEE00F4F9A5 = {
						CreatedOnToolsVersion = 9.4.1;
					};
					3D939F3621AE3FF500F4F9A5 = {
						CreatedOnToolsVersion = 9.4.1;
						TestTargetID = 3D939F2221AE3FEE00F4F9A5;
					};
					3D939F4121AE3FF500F4F9A5 = {
						CreatedOnToolsVersion = 9.4.1;
						TestTargetID = 3D939F2221AE3FEE00F4F9A5;
					};
				};
			};
			buildConfigurationList = 3D939F1E21AE3FEE00F4F9A5 /* Build configuration list for PBXProject "AppPortafolio" */;
			compatibilityVersion = "Xcode 9.3";
			developmentRegion = en;
			hasScannedForEncodings = 0;
			knownRegions = (
				en,
				Base,
			);
			mainGroup = 3D939F1A21AE3FED00F4F9A5;
			productRefGroup = 3D939F2421AE3FEE00F4F9A5 /* Products */;
			projectDirPath = "";
			projectReferences = (
				{
					ProductGroup = 3D939F6521AE78DF00F4F9A5 /* Products */;
					ProjectRef = 3D939F6421AE78DF00F4F9A5 /* Alamofire.xcodeproj */;
				},
			);
			projectRoot = "";
			targets = (
				3D939F2221AE3FEE00F4F9A5 /* AppPortafolio */,
				3D939F3621AE3FF500F4F9A5 /* AppPortafolioTests */,
				3D939F4121AE3FF500F4F9A5 /* AppPortafolioUITests */,
			);
		};
/* End PBXProject section */

/* Begin PBXReferenceProxy section */
		3D939F7021AE78DF00F4F9A5 /* Alamofire.framework */ = {
			isa = PBXReferenceProxy;
			fileType = wrapper.framework;
			path = Alamofire.framework;
			remoteRef = 3D939F6F21AE78DF00F4F9A5 /* PBXContainerItemProxy */;
			sourceTree = BUILT_PRODUCTS_DIR;
		};
		3D939F7221AE78DF00F4F9A5 /* Alamofire iOS Tests.xctest */ = {
			isa = PBXReferenceProxy;
			fileType = wrapper.cfbundle;
			path = "Alamofire iOS Tests.xctest";
			remoteRef = 3D939F7121AE78DF00F4F9A5 /* PBXContainerItemProxy */;
			sourceTree = BUILT_PRODUCTS_DIR;
		};
		3D939F7421AE78DF00F4F9A5 /* Alamofire.framework */ = {
			isa = PBXReferenceProxy;
			fileType = wrapper.framework;
			path = Alamofire.framework;
			remoteRef = 3D939F7321AE78DF00F4F9A5 /* PBXContainerItemProxy */;
			sourceTree = BUILT_PRODUCTS_DIR;
		};
		3D939F7621AE78DF00F4F9A5 /* Alamofire macOS Tests.xctest */ = {
			isa = PBXReferenceProxy;
			fileType = wrapper.cfbundle;
			path = "Alamofire macOS Tests.xctest";
			remoteRef = 3D939F7521AE78DF00F4F9A5 /* PBXContainerItemProxy */;
			sourceTree = BUILT_PRODUCTS_DIR;
		};
		3D939F7821AE78DF00F4F9A5 /* Alamofire.framework */ = {
			isa = PBXReferenceProxy;
			fileType = wrapper.framework;
			path = Alamofire.framework;
			remoteRef = 3D939F7721AE78DF00F4F9A5 /* PBXContainerItemProxy */;
			sourceTree = BUILT_PRODUCTS_DIR;
		};
		3D939F7A21AE78DF00F4F9A5 /* Alamofire tvOS Tests.xctest */ = {
			isa = PBXReferenceProxy;
			fileType = wrapper.cfbundle;
			path = "Alamofire tvOS Tests.xctest";
			remoteRef = 3D939F7921AE78DF00F4F9A5 /* PBXContainerItemProxy */;
			sourceTree = BUILT_PRODUCTS_DIR;
		};
		3D939F7C21AE78DF00F4F9A5 /* Alamofire.framework */ = {
			isa = PBXReferenceProxy;
			fileType = wrapper.framework;
			path = Alamofire.framework;
			remoteRef = 3D939F7B21AE78DF00F4F9A5 /* PBXContainerItemProxy */;
			sourceTree = BUILT_PRODUCTS_DIR;
		};
/* End PBXReferenceProxy section */

/* Begin PBXResourcesBuildPhase section */
		3D939F2121AE3FEE00F4F9A5 /* Resources */ = {
			isa = PBXResourcesBuildPhase;
			buildActionMask = 2147483647;
			files = (
				3D939F3121AE3FF500F4F9A5 /* LaunchScreen.storyboard in Resources */,
				3D939F2E21AE3FF500F4F9A5 /* Assets.xcassets in Resources */,
				3D939F2C21AE3FEF00F4F9A5 /* Main.storyboard in Resources */,
			);
			runOnlyForDeploymentPostprocessing = 0;
		};
		3D939F3521AE3FF500F4F9A5 /* Resources */ = {
			isa = PBXResourcesBuildPhase;
			buildActionMask = 2147483647;
			files = (
			);
			runOnlyForDeploymentPostprocessing = 0;
		};
		3D939F4021AE3FF500F4F9A5 /* Resources */ = {
			isa = PBXResourcesBuildPhase;
			buildActionMask = 2147483647;
			files = (
			);
			runOnlyForDeploymentPostprocessing = 0;
		};
/* End PBXResourcesBuildPhase section */

/* Begin PBXSourcesBuildPhase section */
		3D939F1F21AE3FEE00F4F9A5 /* Sources */ = {
			isa = PBXSourcesBuildPhase;
			buildActionMask = 2147483647;
			files = (
				3D939F6321AE750100F4F9A5 /* DatosComentarios.swift in Sources */,
				3D939F8321AE7DD200F4F9A5 /* ListaProyectosController.swift in Sources */,
				3D939F8521AE7F5400F4F9A5 /* CeldaProyectoController.swift in Sources */,
				3D939F9321AE8E9700F4F9A5 /* AgregarComentarioController.swift in Sources */,
				3D939F8B21AE877C00F4F9A5 /* CeldaBuscarController.swift in Sources */,
				3D939F8921AE864500F4F9A5 /* ListaBuscarController.swift in Sources */,
				3D939F5F21AE742C00F4F9A5 /* DatosProyectos.swift in Sources */,
				3D939F8F21AE884700F4F9A5 /* ListaComentariosController.swift in Sources */,
				3D939F5B21AE71A100F4F9A5 /* Usuario.swift in Sources */,
				3D939F9121AE8E3F00F4F9A5 /* CeldaComentarioController.swift in Sources */,
				3D939F9521AE8F4400F4F9A5 /* UsuarioController.swift in Sources */,
				3D939F2921AE3FEE00F4F9A5 /* ViewController.swift in Sources */,
				3D939F8721AE81A000F4F9A5 /* ProyectoDetalle.swift in Sources */,
				3D939F8D21AE881500F4F9A5 /* PerfilController.swift in Sources */,
				3D939F9921AE900800F4F9A5 /* RecuperarContraController.swift in Sources */,
				3D939F5921AE6DF700F4F9A5 /* Proyecto.swift in Sources */,
				3D939F2721AE3FEE00F4F9A5 /* AppDelegate.swift in Sources */,
				3D939F9721AE8FD200F4F9A5 /* CrearUsuarioController.swift in Sources */,
				3D939F6121AE749600F4F9A5 /* DatosUsuarios.swift in Sources */,
				3D939F5D21AE739300F4F9A5 /* Comentario.swift in Sources */,
			);
			runOnlyForDeploymentPostprocessing = 0;
		};
		3D939F3321AE3FF500F4F9A5 /* Sources */ = {
			isa = PBXSourcesBuildPhase;
			buildActionMask = 2147483647;
			files = (
				3D939F3C21AE3FF500F4F9A5 /* AppPortafolioTests.swift in Sources */,
			);
			runOnlyForDeploymentPostprocessing = 0;
		};
		3D939F3E21AE3FF500F4F9A5 /* Sources */ = {
			isa = PBXSourcesBuildPhase;
			buildActionMask = 2147483647;
			files = (
				3D939F4721AE3FF500F4F9A5 /* AppPortafolioUITests.swift in Sources */,
			);
			runOnlyForDeploymentPostprocessing = 0;
		};
/* End PBXSourcesBuildPhase section */

/* Begin PBXTargetDependency section */
		3D939F3921AE3FF500F4F9A5 /* PBXTargetDependency */ = {
			isa = PBXTargetDependency;
			target = 3D939F2221AE3FEE00F4F9A5 /* AppPortafolio */;
			targetProxy = 3D939F3821AE3FF500F4F9A5 /* PBXContainerItemProxy */;
		};
		3D939F4421AE3FF500F4F9A5 /* PBXTargetDependency */ = {
			isa = PBXTargetDependency;
			target = 3D939F2221AE3FEE00F4F9A5 /* AppPortafolio */;
			targetProxy = 3D939F4321AE3FF500F4F9A5 /* PBXContainerItemProxy */;
		};
		3D939F8021AE790300F4F9A5 /* PBXTargetDependency */ = {
			isa = PBXTargetDependency;
			name = "Alamofire iOS";
			targetProxy = 3D939F7F21AE790300F4F9A5 /* PBXContainerItemProxy */;
		};
/* End PBXTargetDependency section */

/* Begin PBXVariantGroup section */
		3D939F2A21AE3FEF00F4F9A5 /* Main.storyboard */ = {
			isa = PBXVariantGroup;
			children = (
				3D939F2B21AE3FEF00F4F9A5 /* Base */,
			);
			name = Main.storyboard;
			sourceTree = "<group>";
		};
		3D939F2F21AE3FF500F4F9A5 /* LaunchScreen.storyboard */ = {
			isa = PBXVariantGroup;
			children = (
				3D939F3021AE3FF500F4F9A5 /* Base */,
			);
			name = LaunchScreen.storyboard;
			sourceTree = "<group>";
		};
/* End PBXVariantGroup section */

/* Begin XCBuildConfiguration section */
		3D939F4921AE3FF500F4F9A5 /* Debug */ = {
			isa = XCBuildConfiguration;
			buildSettings = {
				ALWAYS_SEARCH_USER_PATHS = NO;
				CLANG_ANALYZER_NONNULL = YES;
				CLANG_ANALYZER_NUMBER_OBJECT_CONVERSION = YES_AGGRESSIVE;
				CLANG_CXX_LANGUAGE_STANDARD = "gnu++14";
				CLANG_CXX_LIBRARY = "libc++";
				CLANG_ENABLE_MODULES = YES;
				CLANG_ENABLE_OBJC_ARC = YES;
				CLANG_ENABLE_OBJC_WEAK = YES;
				CLANG_WARN_BLOCK_CAPTURE_AUTORELEASING = YES;
				CLANG_WARN_BOOL_CONVERSION = YES;
				CLANG_WARN_COMMA = YES;
				CLANG_WARN_CONSTANT_CONVERSION = YES;
				CLANG_WARN_DEPRECATED_OBJC_IMPLEMENTATIONS = YES;
				CLANG_WARN_DIRECT_OBJC_ISA_USAGE = YES_ERROR;
				CLANG_WARN_DOCUMENTATION_COMMENTS = YES;
				CLANG_WARN_EMPTY_BODY = YES;
				CLANG_WARN_ENUM_CONVERSION = YES;
				CLANG_WARN_INFINITE_RECURSION = YES;
				CLANG_WARN_INT_CONVERSION = YES;
				CLANG_WARN_NON_LITERAL_NULL_CONVERSION = YES;
				CLANG_WARN_OBJC_IMPLICIT_RETAIN_SELF = YES;
				CLANG_WARN_OBJC_LITERAL_CONVERSION = YES;
				CLANG_WARN_OBJC_ROOT_CLASS = YES_ERROR;
				CLANG_WARN_RANGE_LOOP_ANALYSIS = YES;
				CLANG_WARN_STRICT_PROTOTYPES = YES;
				CLANG_WARN_SUSPICIOUS_MOVE = YES;
				CLANG_WARN_UNGUARDED_AVAILABILITY = YES_AGGRESSIVE;
				CLANG_WARN_UNREACHABLE_CODE = YES;
				CLANG_WARN__DUPLICATE_METHOD_MATCH = YES;
				CODE_SIGN_IDENTITY = "iPhone Developer";
				COPY_PHASE_STRIP = NO;
				DEBUG_INFORMATION_FORMAT = dwarf;
				ENABLE_STRICT_OBJC_MSGSEND = YES;
				ENABLE_TESTABILITY = YES;
				GCC_C_LANGUAGE_STANDARD = gnu11;
				GCC_DYNAMIC_NO_PIC = NO;
				GCC_NO_COMMON_BLOCKS = YES;
				GCC_OPTIMIZATION_LEVEL = 0;
				GCC_PREPROCESSOR_DEFINITIONS = (
					"DEBUG=1",
					"$(inherited)",
				);
				GCC_WARN_64_TO_32_BIT_CONVERSION = YES;
				GCC_WARN_ABOUT_RETURN_TYPE = YES_ERROR;
				GCC_WARN_UNDECLARED_SELECTOR = YES;
				GCC_WARN_UNINITIALIZED_AUTOS = YES_AGGRESSIVE;
				GCC_WARN_UNUSED_FUNCTION = YES;
				GCC_WARN_UNUSED_VARIABLE = YES;
				IPHONEOS_DEPLOYMENT_TARGET = 11.4;
				MTL_ENABLE_DEBUG_INFO = YES;
				ONLY_ACTIVE_ARCH = YES;
				SDKROOT = iphoneos;
				SWIFT_ACTIVE_COMPILATION_CONDITIONS = DEBUG;
				SWIFT_OPTIMIZATION_LEVEL = "-Onone";
			};
			name = Debug;
		};
		3D939F4A21AE3FF500F4F9A5 /* Release */ = {
			isa = XCBuildConfiguration;
			buildSettings = {
				ALWAYS_SEARCH_USER_PATHS = NO;
				CLANG_ANALYZER_NONNULL = YES;
				CLANG_ANALYZER_NUMBER_OBJECT_CONVERSION = YES_AGGRESSIVE;
				CLANG_CXX_LANGUAGE_STANDARD = "gnu++14";
				CLANG_CXX_LIBRARY = "libc++";
				CLANG_ENABLE_MODULES = YES;
				CLANG_ENABLE_OBJC_ARC = YES;
				CLANG_ENABLE_OBJC_WEAK = YES;
				CLANG_WARN_BLOCK_CAPTURE_AUTORELEASING = YES;
				CLANG_WARN_BOOL_CONVERSION = YES;
				CLANG_WARN_COMMA = YES;
				CLANG_WARN_CONSTANT_CONVERSION = YES;
				CLANG_WARN_DEPRECATED_OBJC_IMPLEMENTATIONS = YES;
				CLANG_WARN_DIRECT_OBJC_ISA_USAGE = YES_ERROR;
				CLANG_WARN_DOCUMENTATION_COMMENTS = YES;
				CLANG_WARN_EMPTY_BODY = YES;
				CLANG_WARN_ENUM_CONVERSION = YES;
				CLANG_WARN_INFINITE_RECURSION = YES;
				CLANG_WARN_INT_CONVERSION = YES;
				CLANG_WARN_NON_LITERAL_NULL_CONVERSION = YES;
				CLANG_WARN_OBJC_IMPLICIT_RETAIN_SELF = YES;
				CLANG_WARN_OBJC_LITERAL_CONVERSION = YES;
				CLANG_WARN_OBJC_ROOT_CLASS = YES_ERROR;
				CLANG_WARN_RANGE_LOOP_ANALYSIS = YES;
				CLANG_WARN_STRICT_PROTOTYPES = YES;
				CLANG_WARN_SUSPICIOUS_MOVE = YES;
				CLANG_WARN_UNGUARDED_AVAILABILITY = YES_AGGRESSIVE;
				CLANG_WARN_UNREACHABLE_CODE = YES;
				CLANG_WARN__DUPLICATE_METHOD_MATCH = YES;
				CODE_SIGN_IDENTITY = "iPhone Developer";
				COPY_PHASE_STRIP = NO;
				DEBUG_INFORMATION_FORMAT = "dwarf-with-dsym";
				ENABLE_NS_ASSERTIONS = NO;
				ENABLE_STRICT_OBJC_MSGSEND = YES;
				GCC_C_LANGUAGE_STANDARD = gnu11;
				GCC_NO_COMMON_BLOCKS = YES;
				GCC_WARN_64_TO_32_BIT_CONVERSION = YES;
				GCC_WARN_ABOUT_RETURN_TYPE = YES_ERROR;
				GCC_WARN_UNDECLARED_SELECTOR = YES;
				GCC_WARN_UNINITIALIZED_AUTOS = YES_AGGRESSIVE;
				GCC_WARN_UNUSED_FUNCTION = YES;
				GCC_WARN_UNUSED_VARIABLE = YES;
				IPHONEOS_DEPLOYMENT_TARGET = 11.4;
				MTL_ENABLE_DEBUG_INFO = NO;
				SDKROOT = iphoneos;
				SWIFT_COMPILATION_MODE = wholemodule;
				SWIFT_OPTIMIZATION_LEVEL = "-O";
				VALIDATE_PRODUCT = YES;
			};
			name = Release;
		};
		3D939F4C21AE3FF500F4F9A5 /* Debug */ = {
			isa = XCBuildConfiguration;
			buildSettings = {
				ALWAYS_EMBED_SWIFT_STANDARD_LIBRARIES = YES;
				ASSETCATALOG_COMPILER_APPICON_NAME = AppIcon;
				CODE_SIGN_STYLE = Automatic;
				INFOPLIST_FILE = AppPortafolio/Info.plist;
				LD_RUNPATH_SEARCH_PATHS = (
					"$(inherited)",
					"@executable_path/Frameworks",
				);
				PRODUCT_BUNDLE_IDENTIFIER = edu.ulsa.AppPortafolio;
				PRODUCT_NAME = "$(TARGET_NAME)";
				SWIFT_VERSION = 4.0;
				TARGETED_DEVICE_FAMILY = "1,2";
			};
			name = Debug;
		};
		3D939F4D21AE3FF500F4F9A5 /* Release */ = {
			isa = XCBuildConfiguration;
			buildSettings = {
				ALWAYS_EMBED_SWIFT_STANDARD_LIBRARIES = YES;
				ASSETCATALOG_COMPILER_APPICON_NAME = AppIcon;
				CODE_SIGN_STYLE = Automatic;
				INFOPLIST_FILE = AppPortafolio/Info.plist;
				LD_RUNPATH_SEARCH_PATHS = (
					"$(inherited)",
					"@executable_path/Frameworks",
				);
				PRODUCT_BUNDLE_IDENTIFIER = edu.ulsa.AppPortafolio;
				PRODUCT_NAME = "$(TARGET_NAME)";
				SWIFT_VERSION = 4.0;
				TARGETED_DEVICE_FAMILY = "1,2";
			};
			name = Release;
		};
		3D939F4F21AE3FF500F4F9A5 /* Debug */ = {
			isa = XCBuildConfiguration;
			buildSettings = {
				ALWAYS_EMBED_SWIFT_STANDARD_LIBRARIES = YES;
				BUNDLE_LOADER = "$(TEST_HOST)";
				CODE_SIGN_STYLE = Automatic;
				INFOPLIST_FILE = AppPortafolioTests/Info.plist;
				LD_RUNPATH_SEARCH_PATHS = (
					"$(inherited)",
					"@executable_path/Frameworks",
					"@loader_path/Frameworks",
				);
				PRODUCT_BUNDLE_IDENTIFIER = edu.ulsa.AppPortafolioTests;
				PRODUCT_NAME = "$(TARGET_NAME)";
				SWIFT_VERSION = 4.0;
				TARGETED_DEVICE_FAMILY = "1,2";
				TEST_HOST = "$(BUILT_PRODUCTS_DIR)/AppPortafolio.app/AppPortafolio";
			};
			name = Debug;
		};
		3D939F5021AE3FF500F4F9A5 /* Release */ = {
			isa = XCBuildConfiguration;
			buildSettings = {
				ALWAYS_EMBED_SWIFT_STANDARD_LIBRARIES = YES;
				BUNDLE_LOADER = "$(TEST_HOST)";
				CODE_SIGN_STYLE = Automatic;
				INFOPLIST_FILE = AppPortafolioTests/Info.plist;
				LD_RUNPATH_SEARCH_PATHS = (
					"$(inherited)",
					"@executable_path/Frameworks",
					"@loader_path/Frameworks",
				);
				PRODUCT_BUNDLE_IDENTIFIER = edu.ulsa.AppPortafolioTests;
				PRODUCT_NAME = "$(TARGET_NAME)";
				SWIFT_VERSION = 4.0;
				TARGETED_DEVICE_FAMILY = "1,2";
				TEST_HOST = "$(BUILT_PRODUCTS_DIR)/AppPortafolio.app/AppPortafolio";
			};
			name = Release;
		};
		3D939F5221AE3FF500F4F9A5 /* Debug */ = {
			isa = XCBuildConfiguration;
			buildSettings = {
				ALWAYS_EMBED_SWIFT_STANDARD_LIBRARIES = YES;
				CODE_SIGN_STYLE = Automatic;
				INFOPLIST_FILE = AppPortafolioUITests/Info.plist;
				LD_RUNPATH_SEARCH_PATHS = (
					"$(inherited)",
					"@executable_path/Frameworks",
					"@loader_path/Frameworks",
				);
				PRODUCT_BUNDLE_IDENTIFIER = edu.ulsa.AppPortafolioUITests;
				PRODUCT_NAME = "$(TARGET_NAME)";
				SWIFT_VERSION = 4.0;
				TARGETED_DEVICE_FAMILY = "1,2";
				TEST_TARGET_NAME = AppPortafolio;
			};
			name = Debug;
		};
		3D939F5321AE3FF500F4F9A5 /* Release */ = {
			isa = XCBuildConfiguration;
			buildSettings = {
				ALWAYS_EMBED_SWIFT_STANDARD_LIBRARIES = YES;
				CODE_SIGN_STYLE = Automatic;
				INFOPLIST_FILE = AppPortafolioUITests/Info.plist;
				LD_RUNPATH_SEARCH_PATHS = (
					"$(inherited)",
					"@executable_path/Frameworks",
					"@loader_path/Frameworks",
				);
				PRODUCT_BUNDLE_IDENTIFIER = edu.ulsa.AppPortafolioUITests;
				PRODUCT_NAME = "$(TARGET_NAME)";
				SWIFT_VERSION = 4.0;
				TARGETED_DEVICE_FAMILY = "1,2";
				TEST_TARGET_NAME = AppPortafolio;
			};
			name = Release;
		};
/* End XCBuildConfiguration section */

/* Begin XCConfigurationList section */
		3D939F1E21AE3FEE00F4F9A5 /* Build configuration list for PBXProject "AppPortafolio" */ = {
			isa = XCConfigurationList;
			buildConfigurations = (
				3D939F4921AE3FF500F4F9A5 /* Debug */,
				3D939F4A21AE3FF500F4F9A5 /* Release */,
			);
			defaultConfigurationIsVisible = 0;
			defaultConfigurationName = Release;
		};
		3D939F4B21AE3FF500F4F9A5 /* Build configuration list for PBXNativeTarget "AppPortafolio" */ = {
			isa = XCConfigurationList;
			buildConfigurations = (
				3D939F4C21AE3FF500F4F9A5 /* Debug */,
				3D939F4D21AE3FF500F4F9A5 /* Release */,
			);
			defaultConfigurationIsVisible = 0;
			defaultConfigurationName = Release;
		};
		3D939F4E21AE3FF500F4F9A5 /* Build configuration list for PBXNativeTarget "AppPortafolioTests" */ = {
			isa = XCConfigurationList;
			buildConfigurations = (
				3D939F4F21AE3FF500F4F9A5 /* Debug */,
				3D939F5021AE3FF500F4F9A5 /* Release */,
			);
			defaultConfigurationIsVisible = 0;
			defaultConfigurationName = Release;
		};
		3D939F5121AE3FF500F4F9A5 /* Build configuration list for PBXNativeTarget "AppPortafolioUITests" */ = {
			isa = XCConfigurationList;
			buildConfigurations = (
				3D939F5221AE3FF500F4F9A5 /* Debug */,
				3D939F5321AE3FF500F4F9A5 /* Release */,
			);
			defaultConfigurationIsVisible = 0;
			defaultConfigurationName = Release;
		};
/* End XCConfigurationList section */
	};
	rootObject = 3D939F1B21AE3FED00F4F9A5 /* Project object */;
}
